
Microsoft Visual Studio Solution File, Format Version 12.00
Project("{FAE04EC0-301F-11D3-BF4B-00C04F79EFBC}") = "LoraChat.API", "LoraChat.API\LoraChat.API.csproj", "{86128EF4-E9C4-43BA-B20C-49532B584619}"
EndProject
Project("{FAE04EC0-301F-11D3-BF4B-00C04F79EFBC}") = "LoraChat.Domain", "LoraChat.Domain\LoraChat.Domain.csproj", "{BA8FEDFD-9163-417E-B1B2-0551145FE220}"
EndProject
Project("{FAE04EC0-301F-11D3-BF4B-00C04F79EFBC}") = "LoraChat.Infra", "LoraChat.Infra\LoraChat.Infra.csproj", "{12F8BB41-616E-4B8A-B3A0-DAC0DF5DAF0F}"
EndProject
Project("{FAE04EC0-301F-11D3-BF4B-00C04F79EFBC}") = "LoraChat.Shared", "LoraChat.Shared\LoraChat.Shared.csproj", "{D229A8F5-F7D7-4474-98EC-F0B64AA7AE5A}"
EndProject
Global
	GlobalSection(SolutionConfigurationPlatforms) = preSolution
		Debug|Any CPU = Debug|Any CPU
		Release|Any CPU = Release|Any CPU
	EndGlobalSection
	GlobalSection(ProjectConfigurationPlatforms) = postSolution
		{86128EF4-E9C4-43BA-B20C-49532B584619}.Debug|Any CPU.ActiveCfg = Debug|Any CPU
		{86128EF4-E9C4-43BA-B20C-49532B584619}.Debug|Any CPU.Build.0 = Debug|Any CPU
		{86128EF4-E9C4-43BA-B20C-49532B584619}.Release|Any CPU.ActiveCfg = Release|Any CPU
		{86128EF4-E9C4-43BA-B20C-49532B584619}.Release|Any CPU.Build.0 = Release|Any CPU
		{BA8FEDFD-9163-417E-B1B2-0551145FE220}.Debug|Any CPU.ActiveCfg = Debug|Any CPU
		{BA8FEDFD-9163-417E-B1B2-0551145FE220}.Debug|Any CPU.Build.0 = Debug|Any CPU
		{BA8FEDFD-9163-417E-B1B2-0551145FE220}.Release|Any CPU.ActiveCfg = Release|Any CPU
		{BA8FEDFD-9163-417E-B1B2-0551145FE220}.Release|Any CPU.Build.0 = Release|Any CPU
		{12F8BB41-616E-4B8A-B3A0-DAC0DF5DAF0F}.Debug|Any CPU.ActiveCfg = Debug|Any CPU
		{12F8BB41-616E-4B8A-B3A0-DAC0DF5DAF0F}.Debug|Any CPU.Build.0 = Debug|Any CPU
		{12F8BB41-616E-4B8A-B3A0-DAC0DF5DAF0F}.Release|Any CPU.ActiveCfg = Release|Any CPU
		{12F8BB41-616E-4B8A-B3A0-DAC0DF5DAF0F}.Release|Any CPU.Build.0 = Release|Any CPU
		{D229A8F5-F7D7-4474-98EC-F0B64AA7AE5A}.Debug|Any CPU.ActiveCfg = Debug|Any CPU
		{D229A8F5-F7D7-4474-98EC-F0B64AA7AE5A}.Debug|Any CPU.Build.0 = Debug|Any CPU
		{D229A8F5-F7D7-4474-98EC-F0B64AA7AE5A}.Release|Any CPU.ActiveCfg = Release|Any CPU
		{D229A8F5-F7D7-4474-98EC-F0B64AA7AE5A}.Release|Any CPU.Build.0 = Release|Any CPU
	EndGlobalSection
EndGlobal
